// !$*UTF8*$!
{
	archiveVersion = 1;
	classes = {
	};
	objectVersion = 46;
	objects = {

/* Begin PBXBuildFile section */
		3258CED51B674DEA00547199 /* main.m in Sources */ = {isa = PBXBuildFile; fileRef = 3258CED41B674DEA00547199 /* main.m */; };
		3258CED81B674DEA00547199 /* AppDelegate.m in Sources */ = {isa = PBXBuildFile; fileRef = 3258CED71B674DEA00547199 /* AppDelegate.m */; };
		3258CEDB1B674DEA00547199 /* ViewController.m in Sources */ = {isa = PBXBuildFile; fileRef = 3258CEDA1B674DEA00547199 /* ViewController.m */; };
		3258CEDE1B674DEA00547199 /* Main.storyboard in Resources */ = {isa = PBXBuildFile; fileRef = 3258CEDC1B674DEA00547199 /* Main.storyboard */; };
		3258CEE01B674DEA00547199 /* Images.xcassets in Resources */ = {isa = PBXBuildFile; fileRef = 3258CEDF1B674DEA00547199 /* Images.xcassets */; };
		3258CEE31B674DEA00547199 /* LaunchScreen.xib in Resources */ = {isa = PBXBuildFile; fileRef = 3258CEE11B674DEA00547199 /* LaunchScreen.xib */; };
		3258CEEF1B674DEA00547199 /* RadiusOperationTests.m in Sources */ = {isa = PBXBuildFile; fileRef = 3258CEEE1B674DEA00547199 /* RadiusOperationTests.m */; };
/* End PBXBuildFile section */

/* Begin PBXContainerItemProxy section */
		3258CEE91B674DEA00547199 /* PBXContainerItemProxy */ = {
			isa = PBXContainerItemProxy;
			containerPortal = 3258CEC71B674DEA00547199 /* Project object */;
			proxyType = 1;
			remoteGlobalIDString = 3258CECE1B674DEA00547199;
			remoteInfo = RadiusOperation;
		};
/* End PBXContainerItemProxy section */

/* Begin PBXFileReference section */
		3258CECF1B674DEA00547199 /* RadiusOperation.app */ = {isa = PBXFileReference; explicitFileType = wrapper.application; includeInIndex = 0; path = RadiusOperation.app; sourceTree = BUILT_PRODUCTS_DIR; };
		3258CED31B674DEA00547199 /* Info.plist */ = {isa = PBXFileReference; lastKnownFileType = text.plist.xml; path = Info.plist; sourceTree = "<group>"; };
		3258CED41B674DEA00547199 /* main.m */ = {isa = PBXFileReference; lastKnownFileType = sourcecode.c.objc; path = main.m; sourceTree = "<group>"; };
		3258CED61B674DEA00547199 /* AppDelegate.h */ = {isa = PBXFileReference; lastKnownFileType = sourcecode.c.h; path = AppDelegate.h; sourceTree = "<group>"; };
		3258CED71B674DEA00547199 /* AppDelegate.m */ = {isa = PBXFileReference; lastKnownFileType = sourcecode.c.objc; path = AppDelegate.m; sourceTree = "<group>"; };
		3258CED91B674DEA00547199 /* ViewController.h */ = {isa = PBXFileReference; lastKnownFileType = sourcecode.c.h; path = ViewController.h; sourceTree = "<group>"; };
		3258CEDA1B674DEA00547199 /* ViewController.m */ = {isa = PBXFileReference; lastKnownFileType = sourcecode.c.objc; path = ViewController.m; sourceTree = "<group>"; };
		3258CEDD1B674DEA00547199 /* Base */ = {isa = PBXFileReference; lastKnownFileType = file.storyboard; name = Base; path = Base.lproj/Main.storyboard; sourceTree = "<group>"; };
		3258CEDF1B674DEA00547199 /* Images.xcassets */ = {isa = PBXFileReference; lastKnownFileType = folder.assetcatalog; path = Images.xcassets; sourceTree = "<group>"; };
		3258CEE21B674DEA00547199 /* Base */ = {isa = PBXFileReference; lastKnownFileType = file.xib; name = Base; path = Base.lproj/LaunchScreen.xib; sourceTree = "<group>"; };
		3258CEE81B674DEA00547199 /* RadiusOperationTests.xctest */ = {isa = PBXFileReference; explicitFileType = wrapper.cfbundle; includeInIndex = 0; path = RadiusOperationTests.xctest; sourceTree = BUILT_PRODUCTS_DIR; };
		3258CEED1B674DEA00547199 /* Info.plist */ = {isa = PBXFileReference; lastKnownFileType = text.plist.xml; path = Info.plist; sourceTree = "<group>"; };
		3258CEEE1B674DEA00547199 /* RadiusOperationTests.m */ = {isa = PBXFileReference; lastKnownFileType = sourcecode.c.objc; path = RadiusOperationTests.m; sourceTree = "<group>"; };
/* End PBXFileReference section */

/* Begin PBXFrameworksBuildPhase section */
		3258CECC1B674DEA00547199 /* Frameworks */ = {
			isa = PBXFrameworksBuildPhase;
			buildActionMask = 2147483647;
			files = (
			);
			runOnlyForDeploymentPostprocessing = 0;
		};
		3258CEE51B674DEA00547199 /* Frameworks */ = {
			isa = PBXFrameworksBuildPhase;
			buildActionMask = 2147483647;
			files = (
			);
			runOnlyForDeploymentPostprocessing = 0;
		};
/* End PBXFrameworksBuildPhase section */

/* Begin PBXGroup section */
		3258CEC61B674DEA00547199 = {
			isa = PBXGroup;
			children = (
				3258CED11B674DEA00547199 /* RadiusOperation */,
				3258CEEB1B674DEA00547199 /* RadiusOperationTests */,
				3258CED01B674DEA00547199 /* Products */,
			);
			sourceTree = "<group>";
		};
		3258CED01B674DEA00547199 /* Products */ = {
			isa = PBXGroup;
			children = (
				3258CECF1B674DEA00547199 /* RadiusOperation.app */,
				3258CEE81B674DEA00547199 /* RadiusOperationTests.xctest */,
			);
			name = Products;
			sourceTree = "<group>";
		};
		3258CED11B674DEA00547199 /* RadiusOperation */ = {
			isa = PBXGroup;
			children = (
				3258CED61B674DEA00547199 /* AppDelegate.h */,
				3258CED71B674DEA00547199 /* AppDelegate.m */,
				3258CED91B674DEA00547199 /* ViewController.h */,
				3258CEDA1B674DEA00547199 /* ViewController.m */,
				3258CEDC1B674DEA00547199 /* Main.storyboard */,
				3258CEDF1B674DEA00547199 /* Images.xcassets */,
				3258CEE11B674DEA00547199 /* LaunchScreen.xib */,
				3258CED21B674DEA00547199 /* Supporting Files */,
			);
			path = RadiusOperation;
			sourceTree = "<group>";
		};
		3258CED21B674DEA00547199 /* Supporting Files */ = {
			isa = PBXGroup;
			children = (
				3258CED31B674DEA00547199 /* Info.plist */,
				3258CED41B674DEA00547199 /* main.m */,
			);
			name = "Supporting Files";
			sourceTree = "<group>";
		};
		3258CEEB1B674DEA00547199 /* RadiusOperationTests */ = {
			isa = PBXGroup;
			children = (
				3258CEEE1B674DEA00547199 /* RadiusOperationTests.m */,
				3258CEEC1B674DEA00547199 /* Supporting Files */,
			);
			path = RadiusOperationTests;
			sourceTree = "<group>";
		};
		3258CEEC1B674DEA00547199 /* Supporting Files */ = {
			isa = PBXGroup;
			children = (
				3258CEED1B674DEA00547199 /* Info.plist */,
			);
			name = "Supporting Files";
			sourceTree = "<group>";
		};
/* End PBXGroup section */

/* Begin PBXNativeTarget section */
		3258CECE1B674DEA00547199 /* RadiusOperation */ = {
			isa = PBXNativeTarget;
			buildConfigurationList = 3258CEF21B674DEA00547199 /* Build configuration list for PBXNativeTarget "RadiusOperation" */;
			buildPhases = (
				3258CECB1B674DEA00547199 /* Sources */,
				3258CECC1B674DEA00547199 /* Frameworks */,
				3258CECD1B674DEA00547199 /* Resources */,
			);
			buildRules = (
			);
			dependencies = (
			);
			name = RadiusOperation;
			productName = RadiusOperation;
			productReference = 3258CECF1B674DEA00547199 /* RadiusOperation.app */;
			productType = "com.apple.product-type.application";
		};
		3258CEE71B674DEA00547199 /* RadiusOperationTests */ = {
			isa = PBXNativeTarget;
			buildConfigurationList = 3258CEF51B674DEA00547199 /* Build configuration list for PBXNativeTarget "RadiusOperationTests" */;
			buildPhases = (
				3258CEE41B674DEA00547199 /* Sources */,
				3258CEE51B674DEA00547199 /* Frameworks */,
				3258CEE61B674DEA00547199 /* Resources */,
			);
			buildRules = (
			);
			dependencies = (
				3258CEEA1B674DEA00547199 /* PBXTargetDependency */,
			);
			name = RadiusOperationTests;
			productName = RadiusOperationTests;
			productReference = 3258CEE81B674DEA00547199 /* RadiusOperationTests.xctest */;
			productType = "com.apple.product-type.bundle.unit-test";
		};
/* End PBXNativeTarget section */

/* Begin PBXProject section */
		3258CEC71B674DEA00547199 /* Project object */ = {
			isa = PBXProject;
			attributes = {
				LastUpgradeCheck = 0630;
				ORGANIZATIONNAME = Bison;
				TargetAttributes = {
					3258CECE1B674DEA00547199 = {
						CreatedOnToolsVersion = 6.3;
					};
					3258CEE71B674DEA00547199 = {
						CreatedOnToolsVersion = 6.3;
						TestTargetID = 3258CECE1B674DEA00547199;
					};
				};
			};
			buildConfigurationList = 3258CECA1B674DEA00547199 /* Build configuration list for PBXProject "RadiusOperation" */;
			compatibilityVersion = "Xcode 3.2";
			developmentRegion = English;
			hasScannedForEncodings = 0;
			knownRegions = (
				en,
				Base,
			);
			mainGroup = 3258CEC61B674DEA00547199;
			productRefGroup = 3258CED01B674DEA00547199 /* Products */;
			projectDirPath = "";
			projectRoot = "";
			targets = (
				3258CECE1B674DEA00547199 /* RadiusOperation */,
				3258CEE71B674DEA00547199 /* RadiusOperationTests */,
			);
		};
/* End PBXProject section */

/* Begin PBXResourcesBuildPhase section */
		3258CECD1B674DEA00547199 /* Resources */ = {
			isa = PBXResourcesBuildPhase;
			buildActionMask = 2147483647;
			files = (
				3258CEDE1B674DEA00547199 /* Main.storyboard in Resources */,
				3258CEE31B674DEA00547199 /* LaunchScreen.xib in Resources */,
				3258CEE01B674DEA00547199 /* Images.xcassets in Resources */,
			);
			runOnlyForDeploymentPostprocessing = 0;
		};
		3258CEE61B674DEA00547199 /* Resources */ = {
			isa = PBXResourcesBuildPhase;
			buildActionMask = 2147483647;
			files = (
			);
			runOnlyForDeploymentPostprocessing = 0;
		};
/* End PBXResourcesBuildPhase section */

/* Begin PBXSourcesBuildPhase section */
		3258CECB1B674DEA00547199 /* Sources */ = {
			isa = PBXSourcesBuildPhase;
			buildActionMask = 2147483647;
			files = (
				3258CEDB1B674DEA00547199 /* ViewController.m in Sources */,
				3258CED81B674DEA00547199 /* AppDelegate.m in Sources */,
				3258CED51B674DEA00547199 /* main.m in Sources */,
			);
			runOnlyForDeploymentPostprocessing = 0;
		};
		3258CEE41B674DEA00547199 /* Sources */ = {
			isa = PBXSourcesBuildPhase;
			buildActionMask = 2147483647;
			files = (
				3258CEEF1B674DEA00547199 /* RadiusOperationTests.m in Sources */,
			);
			runOnlyForDeploymentPostprocessing = 0;
		};
/* End PBXSourcesBuildPhase section */

/* Begin PBXTargetDependency section */
		3258CEEA1B674DEA00547199 /* PBXTargetDependency */ = {
			isa = PBXTargetDependency;
			target = 3258CECE1B674DEA00547199 /* RadiusOperation */;
			targetProxy = 3258CEE91B674DEA00547199 /* PBXContainerItemProxy */;
		};
/* End PBXTargetDependency section */

/* Begin PBXVariantGroup section */
		3258CEDC1B674DEA00547199 /* Main.storyboard */ = {
			isa = PBXVariantGroup;
			children = (
				3258CEDD1B674DEA00547199 /* Base */,
			);
			name = Main.storyboard;
			sourceTree = "<group>";
		};
		3258CEE11B674DEA00547199 /* LaunchScreen.xib */ = {
			isa = PBXVariantGroup;
			children = (
				3258CEE21B674DEA00547199 /* Base */,
			);
			name = LaunchScreen.xib;
			sourceTree = "<group>";
		};
/* End PBXVariantGroup section */

/* Begin XCBuildConfiguration section */
		3258CEF01B674DEA00547199 /* Debug */ = {
			isa = XCBuildConfiguration;
			buildSettings = {
				ALWAYS_SEARCH_USER_PATHS = NO;
				CLANG_CXX_LANGUAGE_STANDARD = "gnu++0x";
				CLANG_CXX_LIBRARY = "libc++";
				CLANG_ENABLE_MODULES = YES;
				CLANG_ENABLE_OBJC_ARC = YES;
				CLANG_WARN_BOOL_CONVERSION = YES;
				CLANG_WARN_CONSTANT_CONVERSION = YES;
				CLANG_WARN_DIRECT_OBJC_ISA_USAGE = YES_ERROR;
				CLANG_WARN_EMPTY_BODY = YES;
				CLANG_WARN_ENUM_CONVERSION = YES;
				CLANG_WARN_INT_CONVERSION = YES;
				CLANG_WARN_OBJC_ROOT_CLASS = YES_ERROR;
				CLANG_WARN_UNREACHABLE_CODE = YES;
				CLANG_WARN__DUPLICATE_METHOD_MATCH = YES;
				"CODE_SIGN_IDENTITY[sdk=iphoneos*]" = "iPhone Developer";
				COPY_PHASE_STRIP = NO;
				DEBUG_INFORMATION_FORMAT = "dwarf-with-dsym";
				ENABLE_STRICT_OBJC_MSGSEND = YES;
				GCC_C_LANGUAGE_STANDARD = gnu99;
				GCC_DYNAMIC_NO_PIC = NO;
				GCC_NO_COMMON_BLOCKS = YES;
				GCC_OPTIMIZATION_LEVEL = 0;
				GCC_PREPROCESSOR_DEFINITIONS = (
					"DEBUG=1",
					"$(inherited)",
				);
				GCC_SYMBOLS_PRIVATE_EXTERN = NO;
				GCC_WARN_64_TO_32_BIT_CONVERSION = YES;
				GCC_WARN_ABOUT_RETURN_TYPE = YES_ERROR;
				GCC_WARN_UNDECLARED_SELECTOR = YES;
				GCC_WARN_UNINITIALIZED_AUTOS = YES_AGGRESSIVE;
				GCC_WARN_UNUSED_FUNCTION = YES;
				GCC_WARN_UNUSED_VARIABLE = YES;
				IPHONEOS_DEPLOYMENT_TARGET = 8.3;
				MTL_ENABLE_DEBUG_INFO = YES;
				ONLY_ACTIVE_ARCH = YES;
				SDKROOT = iphoneos;
			};
			name = Debug;
		};
		3258CEF11B674DEA00547199 /* Release */ = {
			isa = XCBuildConfiguration;
			buildSettings = {
				ALWAYS_SEARCH_USER_PATHS = NO;
				CLANG_CXX_LANGUAGE_STANDARD = "gnu++0x";
				CLANG_CXX_LIBRARY = "libc++";
				CLANG_ENABLE_MODULES = YES;
				CLANG_ENABLE_OBJC_ARC = YES;
				CLANG_WARN_BOOL_CONVERSION = YES;
				CLANG_WARN_CONSTANT_CONVERSION = YES;
				CLANG_WARN_DIRECT_OBJC_ISA_USAGE = YES_ERROR;
				CLANG_WARN_EMPTY_BODY = YES;
				CLANG_WARN_ENUM_CONVERSION = YES;
				CLANG_WARN_INT_CONVERSION = YES;
				CLANG_WARN_OBJC_ROOT_CLASS = YES_ERROR;
				CLANG_WARN_UNREACHABLE_CODE = YES;
				CLANG_WARN__DUPLICATE_METHOD_MATCH = YES;
				"CODE_SIGN_IDENTITY[sdk=iphoneos*]" = "iPhone Developer";
				COPY_PHASE_STRIP = NO;
				DEBUG_INFORMATION_FORMAT = "dwarf-with-dsym";
				ENABLE_NS_ASSERTIONS = NO;
				ENABLE_STRICT_OBJC_MSGSEND = YES;
				GCC_C_LANGUAGE_STANDARD = gnu99;
				GCC_NO_COMMON_BLOCKS = YES;
				GCC_WARN_64_TO_32_BIT_CONVERSION = YES;
				GCC_WARN_ABOUT_RETURN_TYPE = YES_ERROR;
				GCC_WARN_UNDECLARED_SELECTOR = YES;
				GCC_WARN_UNINITIALIZED_AUTOS = YES_AGGRESSIVE;
				GCC_WARN_UNUSED_FUNCTION = YES;
				GCC_WARN_UNUSED_VARIABLE = YES;
				IPHONEOS_DEPLOYMENT_TARGET = 8.3;
				MTL_ENABLE_DEBUG_INFO = NO;
				SDKROOT = iphoneos;
				VALIDATE_PRODUCT = YES;
			};
			name = Release;
		};
		3258CEF31B674DEA00547199 /* Debug */ = {
			isa = XCBuildConfiguration;
			buildSettings = {
				ASSETCATALOG_COMPILER_APPICON_NAME = AppIcon;
				INFOPLIST_FILE = RadiusOperation/Info.plist;
				LD_RUNPATH_SEARCH_PATHS = "$(inherited) @executable_path/Frameworks";
				PRODUCT_NAME = "$(TARGET_NAME)";
			};
			name = Debug;
		};
		3258CEF41B674DEA00547199 /* Release */ = {
			isa = XCBuildConfiguration;
			buildSettings = {
				ASSETCATALOG_COMPILER_APPICON_NAME = AppIcon;
				INFOPLIST_FILE = RadiusOperation/Info.plist;
				LD_RUNPATH_SEARCH_PATHS = "$(inherited) @executable_path/Frameworks";
				PRODUCT_NAME = "$(TARGET_NAME)";
			};
			name = Release;
		};
		3258CEF61B674DEA00547199 /* Debug */ = {
			isa = XCBuildConfiguration;
			buildSettings = {
				BUNDLE_LOADER = "$(TEST_HOST)";
				FRAMEWORK_SEARCH_PATHS = (
					"$(SDKROOT)/Developer/Library/Frameworks",
					"$(inherited)",
				);
				GCC_PREPROCESSOR_DEFINITIONS = (
					"DEBUG=1",
					"$(inherited)",
				);
				INFOPLIST_FILE = RadiusOperationTests/Info.plist;
				LD_RUNPATH_SEARCH_PATHS = "$(inherited) @executable_path/Frameworks @loader_path/Frameworks";
				PRODUCT_NAME = "$(TARGET_NAME)";
				TEST_HOST = "$(BUILT_PRODUCTS_DIR)/RadiusOperation.app/RadiusOperation";
			};
			name = Debug;
		};
		3258CEF71B674DEA00547199 /* Release */ = {
			isa = XCBuildConfiguration;
			buildSettings = {
				BUNDLE_LOADER = "$(TEST_HOST)";
				FRAMEWORK_SEARCH_PATHS = (
					"$(SDKROOT)/Developer/Library/Frameworks",
					"$(inherited)",
				);
				INFOPLIST_FILE = RadiusOperationTests/Info.plist;
				LD_RUNPATH_SEARCH_PATHS = "$(inherited) @executable_path/Frameworks @loader_path/Frameworks";
				PRODUCT_NAME = "$(TARGET_NAME)";
				TEST_HOST = "$(BUILT_PRODUCTS_DIR)/RadiusOperation.app/RadiusOperation";
			};
			name = Release;
		};
/* End XCBuildConfiguration section */

/* Begin XCConfigurationList section */
		3258CECA1B674DEA00547199 /* Build configuration list for PBXProject "RadiusOperation" */ = {
			isa = XCConfigurationList;
			buildConfigurations = (
				3258CEF01B674DEA00547199 /* Debug */,
				3258CEF11B674DEA00547199 /* Release */,
			);
			defaultConfigurationIsVisible = 0;
			defaultConfigurationName = Release;
		};
		3258CEF21B674DEA00547199 /* Build configuration list for PBXNativeTarget "RadiusOperation" */ = {
			isa = XCConfigurationList;
			buildConfigurations = (
				3258CEF31B674DEA00547199 /* Debug */,
				3258CEF41B674DEA00547199 /* Release */,
			);
			defaultConfigurationIsVisible = 0;
		};
		3258CEF51B674DEA00547199 /* Build configuration list for PBXNativeTarget "RadiusOperationTests" */ = {
			isa = XCConfigurationList;
			buildConfigurations = (
				3258CEF61B674DEA00547199 /* Debug */,
				3258CEF71B674DEA00547199 /* Release */,
			);
			defaultConfigurationIsVisible = 0;
		};
/* End XCConfigurationList section */
	};
	rootObject = 3258CEC71B674DEA00547199 /* Project object */;
}
